
Microsoft Visual Studio Solution File, Format Version 12.00
# Visual Studio Version 16
VisualStudioVersion = 16.0.28803.352
MinimumVisualStudioVersion = 10.0.40219.1
Project("{9A19103F-16F7-4668-BE54-9A1E7A4F7556}") = "WebClient", "WebClient\WebClient.csproj", "{FDC38D0F-2846-4969-AC58-50DA95339323}"
EndProject
Project("{FAE04EC0-301F-11D3-BF4B-00C04F79EFBC}") = "Testing", "Testing\Testing.csproj", "{779B2617-0439-45A5-8E42-12753A5D69DD}"
EndProject
Global
	GlobalSection(SolutionConfigurationPlatforms) = preSolution
		Debug|Any CPU = Debug|Any CPU
		Release|Any CPU = Release|Any CPU
	EndGlobalSection
	GlobalSection(ProjectConfigurationPlatforms) = postSolution
		{FDC38D0F-2846-4969-AC58-50DA95339323}.Debug|Any CPU.ActiveCfg = Debug|Any CPU
		{FDC38D0F-2846-4969-AC58-50DA95339323}.Debug|Any CPU.Build.0 = Debug|Any CPU
		{FDC38D0F-2846-4969-AC58-50DA95339323}.Release|Any CPU.ActiveCfg = Release|Any CPU
		{FDC38D0F-2846-4969-AC58-50DA95339323}.Release|Any CPU.Build.0 = Release|Any CPU
		{779B2617-0439-45A5-8E42-12753A5D69DD}.Debug|Any CPU.ActiveCfg = Debug|Any CPU
		{779B2617-0439-45A5-8E42-12753A5D69DD}.Debug|Any CPU.Build.0 = Debug|Any CPU
		{779B2617-0439-45A5-8E42-12753A5D69DD}.Release|Any CPU.ActiveCfg = Release|Any CPU
		{779B2617-0439-45A5-8E42-12753A5D69DD}.Release|Any CPU.Build.0 = Release|Any CPU
	EndGlobalSection
	GlobalSection(SolutionProperties) = preSolution
		HideSolutionNode = FALSE
	EndGlobalSection
	GlobalSection(ExtensibilityGlobals) = postSolution
		SolutionGuid = {02214AD1-DDA5-470F-9B34-AB756DCFAAB3}
	EndGlobalSection
EndGlobal
